// !$*UTF8*$!
{
	archiveVersion = 1;
	classes = {
	};
	objectVersion = 46;
	objects = {

/* Begin PBXBuildFile section */
		D57F43251A2E8EF200A57824 /* AppDelegate.swift in Sources */ = {isa = PBXBuildFile; fileRef = D57F43241A2E8EF200A57824 /* AppDelegate.swift */; };
		D57F43271A2E8EF200A57824 /* ViewController.swift in Sources */ = {isa = PBXBuildFile; fileRef = D57F43261A2E8EF200A57824 /* ViewController.swift */; };
		D57F432A1A2E8EF200A57824 /* Main.storyboard in Resources */ = {isa = PBXBuildFile; fileRef = D57F43281A2E8EF200A57824 /* Main.storyboard */; };
		D57F432C1A2E8EF200A57824 /* Images.xcassets in Resources */ = {isa = PBXBuildFile; fileRef = D57F432B1A2E8EF200A57824 /* Images.xcassets */; };
		D57F432F1A2E8EF200A57824 /* LaunchScreen.xib in Resources */ = {isa = PBXBuildFile; fileRef = D57F432D1A2E8EF200A57824 /* LaunchScreen.xib */; };
		D57F433B1A2E8EF300A57824 /* Chess_TacticsTests.swift in Sources */ = {isa = PBXBuildFile; fileRef = D57F433A1A2E8EF300A57824 /* Chess_TacticsTests.swift */; };
/* End PBXBuildFile section */

/* Begin PBXContainerItemProxy section */
		D57F43351A2E8EF300A57824 /* PBXContainerItemProxy */ = {
			isa = PBXContainerItemProxy;
			containerPortal = D57F43171A2E8EF200A57824 /* Project object */;
			proxyType = 1;
			remoteGlobalIDString = D57F431E1A2E8EF200A57824;
			remoteInfo = "Chess Tactics";
		};
/* End PBXContainerItemProxy section */

/* Begin PBXFileReference section */
		D57F431F1A2E8EF200A57824 /* Chess Tactics.app */ = {isa = PBXFileReference; explicitFileType = wrapper.application; includeInIndex = 0; path = "Chess Tactics.app"; sourceTree = BUILT_PRODUCTS_DIR; };
		D57F43231A2E8EF200A57824 /* Info.plist */ = {isa = PBXFileReference; lastKnownFileType = text.plist.xml; path = Info.plist; sourceTree = "<group>"; };
		D57F43241A2E8EF200A57824 /* AppDelegate.swift */ = {isa = PBXFileReference; lastKnownFileType = sourcecode.swift; path = AppDelegate.swift; sourceTree = "<group>"; };
		D57F43261A2E8EF200A57824 /* ViewController.swift */ = {isa = PBXFileReference; lastKnownFileType = sourcecode.swift; path = ViewController.swift; sourceTree = "<group>"; };
		D57F43291A2E8EF200A57824 /* Base */ = {isa = PBXFileReference; lastKnownFileType = file.storyboard; name = Base; path = Base.lproj/Main.storyboard; sourceTree = "<group>"; };
		D57F432B1A2E8EF200A57824 /* Images.xcassets */ = {isa = PBXFileReference; lastKnownFileType = folder.assetcatalog; path = Images.xcassets; sourceTree = "<group>"; };
		D57F432E1A2E8EF200A57824 /* Base */ = {isa = PBXFileReference; lastKnownFileType = file.xib; name = Base; path = Base.lproj/LaunchScreen.xib; sourceTree = "<group>"; };
		D57F43341A2E8EF300A57824 /* Chess TacticsTests.xctest */ = {isa = PBXFileReference; explicitFileType = wrapper.cfbundle; includeInIndex = 0; path = "Chess TacticsTests.xctest"; sourceTree = BUILT_PRODUCTS_DIR; };
		D57F43391A2E8EF300A57824 /* Info.plist */ = {isa = PBXFileReference; lastKnownFileType = text.plist.xml; path = Info.plist; sourceTree = "<group>"; };
		D57F433A1A2E8EF300A57824 /* Chess_TacticsTests.swift */ = {isa = PBXFileReference; lastKnownFileType = sourcecode.swift; path = Chess_TacticsTests.swift; sourceTree = "<group>"; };
/* End PBXFileReference section */

/* Begin PBXFrameworksBuildPhase section */
		D57F431C1A2E8EF200A57824 /* Frameworks */ = {
			isa = PBXFrameworksBuildPhase;
			buildActionMask = 2147483647;
			files = (
			);
			runOnlyForDeploymentPostprocessing = 0;
		};
		D57F43311A2E8EF300A57824 /* Frameworks */ = {
			isa = PBXFrameworksBuildPhase;
			buildActionMask = 2147483647;
			files = (
			);
			runOnlyForDeploymentPostprocessing = 0;
		};
/* End PBXFrameworksBuildPhase section */

/* Begin PBXGroup section */
		D57F43161A2E8EF200A57824 = {
			isa = PBXGroup;
			children = (
				D57F43211A2E8EF200A57824 /* Chess Tactics */,
				D57F43371A2E8EF300A57824 /* Chess TacticsTests */,
				D57F43201A2E8EF200A57824 /* Products */,
			);
			sourceTree = "<group>";
		};
		D57F43201A2E8EF200A57824 /* Products */ = {
			isa = PBXGroup;
			children = (
				D57F431F1A2E8EF200A57824 /* Chess Tactics.app */,
				D57F43341A2E8EF300A57824 /* Chess TacticsTests.xctest */,
			);
			name = Products;
			sourceTree = "<group>";
		};
		D57F43211A2E8EF200A57824 /* Chess Tactics */ = {
			isa = PBXGroup;
			children = (
				D57F43241A2E8EF200A57824 /* AppDelegate.swift */,
				D57F43261A2E8EF200A57824 /* ViewController.swift */,
				D57F43281A2E8EF200A57824 /* Main.storyboard */,
				D57F432B1A2E8EF200A57824 /* Images.xcassets */,
				D57F432D1A2E8EF200A57824 /* LaunchScreen.xib */,
				D57F43221A2E8EF200A57824 /* Supporting Files */,
			);
			path = "Chess Tactics";
			sourceTree = "<group>";
		};
		D57F43221A2E8EF200A57824 /* Supporting Files */ = {
			isa = PBXGroup;
			children = (
				D57F43231A2E8EF200A57824 /* Info.plist */,
			);
			name = "Supporting Files";
			sourceTree = "<group>";
		};
		D57F43371A2E8EF300A57824 /* Chess TacticsTests */ = {
			isa = PBXGroup;
			children = (
				D57F433A1A2E8EF300A57824 /* Chess_TacticsTests.swift */,
				D57F43381A2E8EF300A57824 /* Supporting Files */,
			);
			path = "Chess TacticsTests";
			sourceTree = "<group>";
		};
		D57F43381A2E8EF300A57824 /* Supporting Files */ = {
			isa = PBXGroup;
			children = (
				D57F43391A2E8EF300A57824 /* Info.plist */,
			);
			name = "Supporting Files";
			sourceTree = "<group>";
		};
/* End PBXGroup section */

/* Begin PBXNativeTarget section */
		D57F431E1A2E8EF200A57824 /* Chess Tactics */ = {
			isa = PBXNativeTarget;
			buildConfigurationList = D57F433E1A2E8EF300A57824 /* Build configuration list for PBXNativeTarget "Chess Tactics" */;
			buildPhases = (
				D57F431B1A2E8EF200A57824 /* Sources */,
				D57F431C1A2E8EF200A57824 /* Frameworks */,
				D57F431D1A2E8EF200A57824 /* Resources */,
			);
			buildRules = (
			);
			dependencies = (
			);
			name = "Chess Tactics";
			productName = "Chess Tactics";
			productReference = D57F431F1A2E8EF200A57824 /* Chess Tactics.app */;
			productType = "com.apple.product-type.application";
		};
		D57F43331A2E8EF300A57824 /* Chess TacticsTests */ = {
			isa = PBXNativeTarget;
			buildConfigurationList = D57F43411A2E8EF300A57824 /* Build configuration list for PBXNativeTarget "Chess TacticsTests" */;
			buildPhases = (
				D57F43301A2E8EF300A57824 /* Sources */,
				D57F43311A2E8EF300A57824 /* Frameworks */,
				D57F43321A2E8EF300A57824 /* Resources */,
			);
			buildRules = (
			);
			dependencies = (
				D57F43361A2E8EF300A57824 /* PBXTargetDependency */,
			);
			name = "Chess TacticsTests";
			productName = "Chess TacticsTests";
			productReference = D57F43341A2E8EF300A57824 /* Chess TacticsTests.xctest */;
			productType = "com.apple.product-type.bundle.unit-test";
		};
/* End PBXNativeTarget section */

/* Begin PBXProject section */
		D57F43171A2E8EF200A57824 /* Project object */ = {
			isa = PBXProject;
			attributes = {
				LastUpgradeCheck = 0610;
				ORGANIZATIONNAME = tblum;
				TargetAttributes = {
					D57F431E1A2E8EF200A57824 = {
						CreatedOnToolsVersion = 6.1;
					};
					D57F43331A2E8EF300A57824 = {
						CreatedOnToolsVersion = 6.1;
						TestTargetID = D57F431E1A2E8EF200A57824;
					};
				};
			};
			buildConfigurationList = D57F431A1A2E8EF200A57824 /* Build configuration list for PBXProject "Chess Tactics" */;
			compatibilityVersion = "Xcode 3.2";
			developmentRegion = English;
			hasScannedForEncodings = 0;
			knownRegions = (
				en,
				Base,
			);
			mainGroup = D57F43161A2E8EF200A57824;
			productRefGroup = D57F43201A2E8EF200A57824 /* Products */;
			projectDirPath = "";
			projectRoot = "";
			targets = (
				D57F431E1A2E8EF200A57824 /* Chess Tactics */,
				D57F43331A2E8EF300A57824 /* Chess TacticsTests */,
			);
		};
/* End PBXProject section */

/* Begin PBXResourcesBuildPhase section */
		D57F431D1A2E8EF200A57824 /* Resources */ = {
			isa = PBXResourcesBuildPhase;
			buildActionMask = 2147483647;
			files = (
				D57F432A1A2E8EF200A57824 /* Main.storyboard in Resources */,
				D57F432F1A2E8EF200A57824 /* LaunchScreen.xib in Resources */,
				D57F432C1A2E8EF200A57824 /* Images.xcassets in Resources */,
			);
			runOnlyForDeploymentPostprocessing = 0;
		};
		D57F43321A2E8EF300A57824 /* Resources */ = {
			isa = PBXResourcesBuildPhase;
			buildActionMask = 2147483647;
			files = (
			);
			runOnlyForDeploymentPostprocessing = 0;
		};
/* End PBXResourcesBuildPhase section */

/* Begin PBXSourcesBuildPhase section */
		D57F431B1A2E8EF200A57824 /* Sources */ = {
			isa = PBXSourcesBuildPhase;
			buildActionMask = 2147483647;
			files = (
				D57F43271A2E8EF200A57824 /* ViewController.swift in Sources */,
				D57F43251A2E8EF200A57824 /* AppDelegate.swift in Sources */,
			);
			runOnlyForDeploymentPostprocessing = 0;
		};
		D57F43301A2E8EF300A57824 /* Sources */ = {
			isa = PBXSourcesBuildPhase;
			buildActionMask = 2147483647;
			files = (
				D57F433B1A2E8EF300A57824 /* Chess_TacticsTests.swift in Sources */,
			);
			runOnlyForDeploymentPostprocessing = 0;
		};
/* End PBXSourcesBuildPhase section */

/* Begin PBXTargetDependency section */
		D57F43361A2E8EF300A57824 /* PBXTargetDependency */ = {
			isa = PBXTargetDependency;
			target = D57F431E1A2E8EF200A57824 /* Chess Tactics */;
			targetProxy = D57F43351A2E8EF300A57824 /* PBXContainerItemProxy */;
		};
/* End PBXTargetDependency section */

/* Begin PBXVariantGroup section */
		D57F43281A2E8EF200A57824 /* Main.storyboard */ = {
			isa = PBXVariantGroup;
			children = (
				D57F43291A2E8EF200A57824 /* Base */,
			);
			name = Main.storyboard;
			sourceTree = "<group>";
		};
		D57F432D1A2E8EF200A57824 /* LaunchScreen.xib */ = {
			isa = PBXVariantGroup;
			children = (
				D57F432E1A2E8EF200A57824 /* Base */,
			);
			name = LaunchScreen.xib;
			sourceTree = "<group>";
		};
/* End PBXVariantGroup section */

/* Begin XCBuildConfiguration section */
		D57F433C1A2E8EF300A57824 /* Debug */ = {
			isa = XCBuildConfiguration;
			buildSettings = {
				ALWAYS_SEARCH_USER_PATHS = NO;
				CLANG_CXX_LANGUAGE_STANDARD = "gnu++0x";
				CLANG_CXX_LIBRARY = "libc++";
				CLANG_ENABLE_MODULES = YES;
				CLANG_ENABLE_OBJC_ARC = YES;
				CLANG_WARN_BOOL_CONVERSION = YES;
				CLANG_WARN_CONSTANT_CONVERSION = YES;
				CLANG_WARN_DIRECT_OBJC_ISA_USAGE = YES_ERROR;
				CLANG_WARN_EMPTY_BODY = YES;
				CLANG_WARN_ENUM_CONVERSION = YES;
				CLANG_WARN_INT_CONVERSION = YES;
				CLANG_WARN_OBJC_ROOT_CLASS = YES_ERROR;
				CLANG_WARN_UNREACHABLE_CODE = YES;
				CLANG_WARN__DUPLICATE_METHOD_MATCH = YES;
				"CODE_SIGN_IDENTITY[sdk=iphoneos*]" = "iPhone Developer";
				COPY_PHASE_STRIP = NO;
				ENABLE_STRICT_OBJC_MSGSEND = YES;
				GCC_C_LANGUAGE_STANDARD = gnu99;
				GCC_DYNAMIC_NO_PIC = NO;
				GCC_OPTIMIZATION_LEVEL = 0;
				GCC_PREPROCESSOR_DEFINITIONS = (
					"DEBUG=1",
					"$(inherited)",
				);
				GCC_SYMBOLS_PRIVATE_EXTERN = NO;
				GCC_WARN_64_TO_32_BIT_CONVERSION = YES;
				GCC_WARN_ABOUT_RETURN_TYPE = YES_ERROR;
				GCC_WARN_UNDECLARED_SELECTOR = YES;
				GCC_WARN_UNINITIALIZED_AUTOS = YES_AGGRESSIVE;
				GCC_WARN_UNUSED_FUNCTION = YES;
				GCC_WARN_UNUSED_VARIABLE = YES;
				IPHONEOS_DEPLOYMENT_TARGET = 8.1;
				MTL_ENABLE_DEBUG_INFO = YES;
				ONLY_ACTIVE_ARCH = YES;
				SDKROOT = iphoneos;
				SWIFT_OPTIMIZATION_LEVEL = "-Onone";
			};
			name = Debug;
		};
		D57F433D1A2E8EF300A57824 /* Release */ = {
			isa = XCBuildConfiguration;
			buildSettings = {
				ALWAYS_SEARCH_USER_PATHS = NO;
				CLANG_CXX_LANGUAGE_STANDARD = "gnu++0x";
				CLANG_CXX_LIBRARY = "libc++";
				CLANG_ENABLE_MODULES = YES;
				CLANG_ENABLE_OBJC_ARC = YES;
				CLANG_WARN_BOOL_CONVERSION = YES;
				CLANG_WARN_CONSTANT_CONVERSION = YES;
				CLANG_WARN_DIRECT_OBJC_ISA_USAGE = YES_ERROR;
				CLANG_WARN_EMPTY_BODY = YES;
				CLANG_WARN_ENUM_CONVERSION = YES;
				CLANG_WARN_INT_CONVERSION = YES;
				CLANG_WARN_OBJC_ROOT_CLASS = YES_ERROR;
				CLANG_WARN_UNREACHABLE_CODE = YES;
				CLANG_WARN__DUPLICATE_METHOD_MATCH = YES;
				"CODE_SIGN_IDENTITY[sdk=iphoneos*]" = "iPhone Developer";
				COPY_PHASE_STRIP = YES;
				ENABLE_NS_ASSERTIONS = NO;
				ENABLE_STRICT_OBJC_MSGSEND = YES;
				GCC_C_LANGUAGE_STANDARD = gnu99;
				GCC_WARN_64_TO_32_BIT_CONVERSION = YES;
				GCC_WARN_ABOUT_RETURN_TYPE = YES_ERROR;
				GCC_WARN_UNDECLARED_SELECTOR = YES;
				GCC_WARN_UNINITIALIZED_AUTOS = YES_AGGRESSIVE;
				GCC_WARN_UNUSED_FUNCTION = YES;
				GCC_WARN_UNUSED_VARIABLE = YES;
				IPHONEOS_DEPLOYMENT_TARGET = 8.1;
				MTL_ENABLE_DEBUG_INFO = NO;
				SDKROOT = iphoneos;
				VALIDATE_PRODUCT = YES;
			};
			name = Release;
		};
		D57F433F1A2E8EF300A57824 /* Debug */ = {
			isa = XCBuildConfiguration;
			buildSettings = {
				ASSETCATALOG_COMPILER_APPICON_NAME = AppIcon;
				INFOPLIST_FILE = "Chess Tactics/Info.plist";
				LD_RUNPATH_SEARCH_PATHS = "$(inherited) @executable_path/Frameworks";
				PRODUCT_NAME = "$(TARGET_NAME)";
			};
			name = Debug;
		};
		D57F43401A2E8EF300A57824 /* Release */ = {
			isa = XCBuildConfiguration;
			buildSettings = {
				ASSETCATALOG_COMPILER_APPICON_NAME = AppIcon;
				INFOPLIST_FILE = "Chess Tactics/Info.plist";
				LD_RUNPATH_SEARCH_PATHS = "$(inherited) @executable_path/Frameworks";
				PRODUCT_NAME = "$(TARGET_NAME)";
			};
			name = Release;
		};
		D57F43421A2E8EF300A57824 /* Debug */ = {
			isa = XCBuildConfiguration;
			buildSettings = {
				BUNDLE_LOADER = "$(TEST_HOST)";
				FRAMEWORK_SEARCH_PATHS = (
					"$(SDKROOT)/Developer/Library/Frameworks",
					"$(inherited)",
				);
				GCC_PREPROCESSOR_DEFINITIONS = (
					"DEBUG=1",
					"$(inherited)",
				);
				INFOPLIST_FILE = "Chess TacticsTests/Info.plist";
				LD_RUNPATH_SEARCH_PATHS = "$(inherited) @executable_path/Frameworks @loader_path/Frameworks";
				PRODUCT_NAME = "$(TARGET_NAME)";
				TEST_HOST = "$(BUILT_PRODUCTS_DIR)/Chess Tactics.app/Chess Tactics";
			};
			name = Debug;
		};
		D57F43431A2E8EF300A57824 /* Release */ = {
			isa = XCBuildConfiguration;
			buildSettings = {
				BUNDLE_LOADER = "$(TEST_HOST)";
				FRAMEWORK_SEARCH_PATHS = (
					"$(SDKROOT)/Developer/Library/Frameworks",
					"$(inherited)",
				);
				INFOPLIST_FILE = "Chess TacticsTests/Info.plist";
				LD_RUNPATH_SEARCH_PATHS = "$(inherited) @executable_path/Frameworks @loader_path/Frameworks";
				PRODUCT_NAME = "$(TARGET_NAME)";
				TEST_HOST = "$(BUILT_PRODUCTS_DIR)/Chess Tactics.app/Chess Tactics";
			};
			name = Release;
		};
/* End XCBuildConfiguration section */

/* Begin XCConfigurationList section */
		D57F431A1A2E8EF200A57824 /* Build configuration list for PBXProject "Chess Tactics" */ = {
			isa = XCConfigurationList;
			buildConfigurations = (
				D57F433C1A2E8EF300A57824 /* Debug */,
				D57F433D1A2E8EF300A57824 /* Release */,
			);
			defaultConfigurationIsVisible = 0;
			defaultConfigurationName = Release;
		};
		D57F433E1A2E8EF300A57824 /* Build configuration list for PBXNativeTarget "Chess Tactics" */ = {
			isa = XCConfigurationList;
			buildConfigurations = (
				D57F433F1A2E8EF300A57824 /* Debug */,
				D57F43401A2E8EF300A57824 /* Release */,
			);
			defaultConfigurationIsVisible = 0;
		};
		D57F43411A2E8EF300A57824 /* Build configuration list for PBXNativeTarget "Chess TacticsTests" */ = {
			isa = XCConfigurationList;
			buildConfigurations = (
				D57F43421A2E8EF300A57824 /* Debug */,
				D57F43431A2E8EF300A57824 /* Release */,
			);
			defaultConfigurationIsVisible = 0;
		};
/* End XCConfigurationList section */
	};
	rootObject = D57F43171A2E8EF200A57824 /* Project object */;
}
